
Microsoft Visual Studio Solution File, Format Version 12.00
# Visual Studio Version 16
VisualStudioVersion = 16.0.30413.136
MinimumVisualStudioVersion = 10.0.40219.1
Project("{888888A0-9F3D-457C-B088-3A5042F75D52}") = "Web Portal", "Web Portal\Web Portal.pyproj", "{B9EA9950-66B5-49D6-9DAE-617A509E9280}"
EndProject
Global
	GlobalSection(SolutionConfigurationPlatforms) = preSolution
		Debug|Any CPU = Debug|Any CPU
		Release|Any CPU = Release|Any CPU
	EndGlobalSection
	GlobalSection(ProjectConfigurationPlatforms) = postSolution
		{B9EA9950-66B5-49D6-9DAE-617A509E9280}.Debug|Any CPU.ActiveCfg = Debug|Any CPU
		{B9EA9950-66B5-49D6-9DAE-617A509E9280}.Debug|Any CPU.Build.0 = Debug|Any CPU
		{B9EA9950-66B5-49D6-9DAE-617A509E9280}.Release|Any CPU.ActiveCfg = Release|Any CPU
		{B9EA9950-66B5-49D6-9DAE-617A509E9280}.Release|Any CPU.Build.0 = Release|Any CPU
	EndGlobalSection
	GlobalSection(SolutionProperties) = preSolution
		HideSolutionNode = FALSE
	EndGlobalSection
	GlobalSection(ExtensibilityGlobals) = postSolution
		SolutionGuid = {968BB410-C142-4172-A508-DBC2E9AFF7BD}
	EndGlobalSection
EndGlobal
